// !$*UTF8*$!
{
	archiveVersion = 1;
	classes = {
	};
	objectVersion = 77;
	objects = {

/* Begin PBXContainerItemProxy section */
		956C6FE92DC34E1700B3C68B /* PBXContainerItemProxy */ = {
			isa = PBXContainerItemProxy;
			containerPortal = 956C6FD22DC34E1600B3C68B /* Project object */;
			proxyType = 1;
			remoteGlobalIDString = 956C6FD92DC34E1600B3C68B;
			remoteInfo = Breakpoint;
		};
		956C6FF32DC34E1700B3C68B /* PBXContainerItemProxy */ = {
			isa = PBXContainerItemProxy;
			containerPortal = 956C6FD22DC34E1600B3C68B /* Project object */;
			proxyType = 1;
			remoteGlobalIDString = 956C6FD92DC34E1600B3C68B;
			remoteInfo = Breakpoint;
		};
/* End PBXContainerItemProxy section */

/* Begin PBXFileReference section */
		956C6FDA2DC34E1600B3C68B /* Breakpoint.app */ = {isa = PBXFileReference; explicitFileType = wrapper.application; includeInIndex = 0; path = Breakpoint.app; sourceTree = BUILT_PRODUCTS_DIR; };
		956C6FE82DC34E1700B3C68B /* BreakpointTests.xctest */ = {isa = PBXFileReference; explicitFileType = wrapper.cfbundle; includeInIndex = 0; path = BreakpointTests.xctest; sourceTree = BUILT_PRODUCTS_DIR; };
		956C6FF22DC34E1700B3C68B /* BreakpointUITests.xctest */ = {isa = PBXFileReference; explicitFileType = wrapper.cfbundle; includeInIndex = 0; path = BreakpointUITests.xctest; sourceTree = BUILT_PRODUCTS_DIR; };
/* End PBXFileReference section */

/* Begin PBXFileSystemSynchronizedRootGroup section */
		956C6FDC2DC34E1600B3C68B /* Breakpoint */ = {
			isa = PBXFileSystemSynchronizedRootGroup;
			path = Breakpoint;
			sourceTree = "<group>";
		};
		956C6FEB2DC34E1700B3C68B /* BreakpointTests */ = {
			isa = PBXFileSystemSynchronizedRootGroup;
			path = BreakpointTests;
			sourceTree = "<group>";
		};
		956C6FF52DC34E1700B3C68B /* BreakpointUITests */ = {
			isa = PBXFileSystemSynchronizedRootGroup;
			path = BreakpointUITests;
			sourceTree = "<group>";
		};
/* End PBXFileSystemSynchronizedRootGroup section */

/* Begin PBXFrameworksBuildPhase section */
		956C6FD72DC34E1600B3C68B /* Frameworks */ = {
			isa = PBXFrameworksBuildPhase;
			buildActionMask = 2147483647;
			files = (
			);
			runOnlyForDeploymentPostprocessing = 0;
		};
		956C6FE52DC34E1700B3C68B /* Frameworks */ = {
			isa = PBXFrameworksBuildPhase;
			buildActionMask = 2147483647;
			files = (
			);
			runOnlyForDeploymentPostprocessing = 0;
		};
		956C6FEF2DC34E1700B3C68B /* Frameworks */ = {
			isa = PBXFrameworksBuildPhase;
			buildActionMask = 2147483647;
			files = (
			);
			runOnlyForDeploymentPostprocessing = 0;
		};
/* End PBXFrameworksBuildPhase section */

/* Begin PBXGroup section */
		956C6FD12DC34E1600B3C68B = {
			isa = PBXGroup;
			children = (
				956C6FDC2DC34E1600B3C68B /* Breakpoint */,
				956C6FEB2DC34E1700B3C68B /* BreakpointTests */,
				956C6FF52DC34E1700B3C68B /* BreakpointUITests */,
				956C6FDB2DC34E1600B3C68B /* Products */,
			);
			sourceTree = "<group>";
		};
		956C6FDB2DC34E1600B3C68B /* Products */ = {
			isa = PBXGroup;
			children = (
				956C6FDA2DC34E1600B3C68B /* Breakpoint.app */,
				956C6FE82DC34E1700B3C68B /* BreakpointTests.xctest */,
				956C6FF22DC34E1700B3C68B /* BreakpointUITests.xctest */,
			);
			name = Products;
			sourceTree = "<group>";
		};
/* End PBXGroup section */

/* Begin PBXNativeTarget section */
		956C6FD92DC34E1600B3C68B /* Breakpoint */ = {
			isa = PBXNativeTarget;
			buildConfigurationList = 956C6FFC2DC34E1700B3C68B /* Build configuration list for PBXNativeTarget "Breakpoint" */;
			buildPhases = (
				956C6FD62DC34E1600B3C68B /* Sources */,
				956C6FD72DC34E1600B3C68B /* Frameworks */,
				956C6FD82DC34E1600B3C68B /* Resources */,
			);
			buildRules = (
			);
			dependencies = (
			);
			fileSystemSynchronizedGroups = (
				956C6FDC2DC34E1600B3C68B /* Breakpoint */,
			);
			name = Breakpoint;
			packageProductDependencies = (
			);
			productName = Breakpoint;
			productReference = 956C6FDA2DC34E1600B3C68B /* Breakpoint.app */;
			productType = "com.apple.product-type.application";
		};
		956C6FE72DC34E1700B3C68B /* BreakpointTests */ = {
			isa = PBXNativeTarget;
			buildConfigurationList = 956C6FFF2DC34E1700B3C68B /* Build configuration list for PBXNativeTarget "BreakpointTests" */;
			buildPhases = (
				956C6FE42DC34E1700B3C68B /* Sources */,
				956C6FE52DC34E1700B3C68B /* Frameworks */,
				956C6FE62DC34E1700B3C68B /* Resources */,
			);
			buildRules = (
			);
			dependencies = (
				956C6FEA2DC34E1700B3C68B /* PBXTargetDependency */,
			);
			fileSystemSynchronizedGroups = (
				956C6FEB2DC34E1700B3C68B /* BreakpointTests */,
			);
			name = BreakpointTests;
			packageProductDependencies = (
			);
			productName = BreakpointTests;
			productReference = 956C6FE82DC34E1700B3C68B /* BreakpointTests.xctest */;
			productType = "com.apple.product-type.bundle.unit-test";
		};
		956C6FF12DC34E1700B3C68B /* BreakpointUITests */ = {
			isa = PBXNativeTarget;
			buildConfigurationList = 956C70022DC34E1700B3C68B /* Build configuration list for PBXNativeTarget "BreakpointUITests" */;
			buildPhases = (
				956C6FEE2DC34E1700B3C68B /* Sources */,
				956C6FEF2DC34E1700B3C68B /* Frameworks */,
				956C6FF02DC34E1700B3C68B /* Resources */,
			);
			buildRules = (
			);
			dependencies = (
				956C6FF42DC34E1700B3C68B /* PBXTargetDependency */,
			);
			fileSystemSynchronizedGroups = (
				956C6FF52DC34E1700B3C68B /* BreakpointUITests */,
			);
			name = BreakpointUITests;
			packageProductDependencies = (
			);
			productName = BreakpointUITests;
			productReference = 956C6FF22DC34E1700B3C68B /* BreakpointUITests.xctest */;
			productType = "com.apple.product-type.bundle.ui-testing";
		};
/* End PBXNativeTarget section */

/* Begin PBXProject section */
		956C6FD22DC34E1600B3C68B /* Project object */ = {
			isa = PBXProject;
			attributes = {
				BuildIndependentTargetsInParallel = 1;
				LastSwiftUpdateCheck = 1630;
				LastUpgradeCheck = 1630;
				TargetAttributes = {
					956C6FD92DC34E1600B3C68B = {
						CreatedOnToolsVersion = 16.3;
					};
					956C6FE72DC34E1700B3C68B = {
						CreatedOnToolsVersion = 16.3;
						TestTargetID = 956C6FD92DC34E1600B3C68B;
					};
					956C6FF12DC34E1700B3C68B = {
						CreatedOnToolsVersion = 16.3;
						TestTargetID = 956C6FD92DC34E1600B3C68B;
					};
				};
			};
			buildConfigurationList = 956C6FD52DC34E1600B3C68B /* Build configuration list for PBXProject "Breakpoint" */;
			developmentRegion = en;
			hasScannedForEncodings = 0;
			knownRegions = (
				en,
				Base,
			);
			mainGroup = 956C6FD12DC34E1600B3C68B;
			minimizedProjectReferenceProxies = 1;
			preferredProjectObjectVersion = 77;
			productRefGroup = 956C6FDB2DC34E1600B3C68B /* Products */;
			projectDirPath = "";
			projectRoot = "";
			targets = (
				956C6FD92DC34E1600B3C68B /* Breakpoint */,
				956C6FE72DC34E1700B3C68B /* BreakpointTests */,
				956C6FF12DC34E1700B3C68B /* BreakpointUITests */,
			);
		};
/* End PBXProject section */

/* Begin PBXResourcesBuildPhase section */
		956C6FD82DC34E1600B3C68B /* Resources */ = {
			isa = PBXResourcesBuildPhase;
			buildActionMask = 2147483647;
			files = (
			);
			runOnlyForDeploymentPostprocessing = 0;
		};
		956C6FE62DC34E1700B3C68B /* Resources */ = {
			isa = PBXResourcesBuildPhase;
			buildActionMask = 2147483647;
			files = (
			);
			runOnlyForDeploymentPostprocessing = 0;
		};
		956C6FF02DC34E1700B3C68B /* Resources */ = {
			isa = PBXResourcesBuildPhase;
			buildActionMask = 2147483647;
			files = (
			);
			runOnlyForDeploymentPostprocessing = 0;
		};
/* End PBXResourcesBuildPhase section */

/* Begin PBXSourcesBuildPhase section */
		956C6FD62DC34E1600B3C68B /* Sources */ = {
			isa = PBXSourcesBuildPhase;
			buildActionMask = 2147483647;
			files = (
			);
			runOnlyForDeploymentPostprocessing = 0;
		};
		956C6FE42DC34E1700B3C68B /* Sources */ = {
			isa = PBXSourcesBuildPhase;
			buildActionMask = 2147483647;
			files = (
			);
			runOnlyForDeploymentPostprocessing = 0;
		};
		956C6FEE2DC34E1700B3C68B /* Sources */ = {
			isa = PBXSourcesBuildPhase;
			buildActionMask = 2147483647;
			files = (
			);
			runOnlyForDeploymentPostprocessing = 0;
		};
/* End PBXSourcesBuildPhase section */

/* Begin PBXTargetDependency section */
		956C6FEA2DC34E1700B3C68B /* PBXTargetDependency */ = {
			isa = PBXTargetDependency;
			target = 956C6FD92DC34E1600B3C68B /* Breakpoint */;
			targetProxy = 956C6FE92DC34E1700B3C68B /* PBXContainerItemProxy */;
		};
		956C6FF42DC34E1700B3C68B /* PBXTargetDependency */ = {
			isa = PBXTargetDependency;
			target = 956C6FD92DC34E1600B3C68B /* Breakpoint */;
			targetProxy = 956C6FF32DC34E1700B3C68B /* PBXContainerItemProxy */;
		};
/* End PBXTargetDependency section */

/* Begin XCBuildConfiguration section */
		956C6FFA2DC34E1700B3C68B /* Debug */ = {
			isa = XCBuildConfiguration;
			buildSettings = {
				ALWAYS_SEARCH_USER_PATHS = NO;
				ASSETCATALOG_COMPILER_GENERATE_SWIFT_ASSET_SYMBOL_EXTENSIONS = YES;
				CLANG_ANALYZER_NONNULL = YES;
				CLANG_ANALYZER_NUMBER_OBJECT_CONVERSION = YES_AGGRESSIVE;
				CLANG_CXX_LANGUAGE_STANDARD = "gnu++20";
				CLANG_ENABLE_MODULES = YES;
				CLANG_ENABLE_OBJC_ARC = YES;
				CLANG_ENABLE_OBJC_WEAK = YES;
				CLANG_WARN_BLOCK_CAPTURE_AUTORELEASING = YES;
				CLANG_WARN_BOOL_CONVERSION = YES;
				CLANG_WARN_COMMA = YES;
				CLANG_WARN_CONSTANT_CONVERSION = YES;
				CLANG_WARN_DEPRECATED_OBJC_IMPLEMENTATIONS = YES;
				CLANG_WARN_DIRECT_OBJC_ISA_USAGE = YES_ERROR;
				CLANG_WARN_DOCUMENTATION_COMMENTS = YES;
				CLANG_WARN_EMPTY_BODY = YES;
				CLANG_WARN_ENUM_CONVERSION = YES;
				CLANG_WARN_INFINITE_RECURSION = YES;
				CLANG_WARN_INT_CONVERSION = YES;
				CLANG_WARN_NON_LITERAL_NULL_CONVERSION = YES;
				CLANG_WARN_OBJC_IMPLICIT_RETAIN_SELF = YES;
				CLANG_WARN_OBJC_LITERAL_CONVERSION = YES;
				CLANG_WARN_OBJC_ROOT_CLASS = YES_ERROR;
				CLANG_WARN_QUOTED_INCLUDE_IN_FRAMEWORK_HEADER = YES;
				CLANG_WARN_RANGE_LOOP_ANALYSIS = YES;
				CLANG_WARN_STRICT_PROTOTYPES = YES;
				CLANG_WARN_SUSPICIOUS_MOVE = YES;
				CLANG_WARN_UNGUARDED_AVAILABILITY = YES_AGGRESSIVE;
				CLANG_WARN_UNREACHABLE_CODE = YES;
				CLANG_WARN__DUPLICATE_METHOD_MATCH = YES;
				COPY_PHASE_STRIP = NO;
				DEBUG_INFORMATION_FORMAT = dwarf;
				ENABLE_STRICT_OBJC_MSGSEND = YES;
				ENABLE_TESTABILITY = YES;
				ENABLE_USER_SCRIPT_SANDBOXING = YES;
				GCC_C_LANGUAGE_STANDARD = gnu17;
				GCC_DYNAMIC_NO_PIC = NO;
				GCC_NO_COMMON_BLOCKS = YES;
				GCC_OPTIMIZATION_LEVEL = 0;
				GCC_PREPROCESSOR_DEFINITIONS = (
					"DEBUG=1",
					"$(inherited)",
				);
				GCC_WARN_64_TO_32_BIT_CONVERSION = YES;
				GCC_WARN_ABOUT_RETURN_TYPE = YES_ERROR;
				GCC_WARN_UNDECLARED_SELECTOR = YES;
				GCC_WARN_UNINITIALIZED_AUTOS = YES_AGGRESSIVE;
				GCC_WARN_UNUSED_FUNCTION = YES;
				GCC_WARN_UNUSED_VARIABLE = YES;
				LOCALIZATION_PREFERS_STRING_CATALOGS = YES;
				MACOSX_DEPLOYMENT_TARGET = 15.4;
				MTL_ENABLE_DEBUG_INFO = INCLUDE_SOURCE;
				MTL_FAST_MATH = YES;
				ONLY_ACTIVE_ARCH = YES;
				SDKROOT = macosx;
				SWIFT_ACTIVE_COMPILATION_CONDITIONS = "DEBUG $(inherited)";
				SWIFT_OPTIMIZATION_LEVEL = "-Onone";
			};
			name = Debug;
		};
		956C6FFB2DC34E1700B3C68B /* Release */ = {
			isa = XCBuildConfiguration;
			buildSettings = {
				ALWAYS_SEARCH_USER_PATHS = NO;
				ASSETCATALOG_COMPILER_GENERATE_SWIFT_ASSET_SYMBOL_EXTENSIONS = YES;
				CLANG_ANALYZER_NONNULL = YES;
				CLANG_ANALYZER_NUMBER_OBJECT_CONVERSION = YES_AGGRESSIVE;
				CLANG_CXX_LANGUAGE_STANDARD = "gnu++20";
				CLANG_ENABLE_MODULES = YES;
				CLANG_ENABLE_OBJC_ARC = YES;
				CLANG_ENABLE_OBJC_WEAK = YES;
				CLANG_WARN_BLOCK_CAPTURE_AUTORELEASING = YES;
				CLANG_WARN_BOOL_CONVERSION = YES;
				CLANG_WARN_COMMA = YES;
				CLANG_WARN_CONSTANT_CONVERSION = YES;
				CLANG_WARN_DEPRECATED_OBJC_IMPLEMENTATIONS = YES;
				CLANG_WARN_DIRECT_OBJC_ISA_USAGE = YES_ERROR;
				CLANG_WARN_DOCUMENTATION_COMMENTS = YES;
				CLANG_WARN_EMPTY_BODY = YES;
				CLANG_WARN_ENUM_CONVERSION = YES;
				CLANG_WARN_INFINITE_RECURSION = YES;
				CLANG_WARN_INT_CONVERSION = YES;
				CLANG_WARN_NON_LITERAL_NULL_CONVERSION = YES;
				CLANG_WARN_OBJC_IMPLICIT_RETAIN_SELF = YES;
				CLANG_WARN_OBJC_LITERAL_CONVERSION = YES;
				CLANG_WARN_OBJC_ROOT_CLASS = YES_ERROR;
				CLANG_WARN_QUOTED_INCLUDE_IN_FRAMEWORK_HEADER = YES;
				CLANG_WARN_RANGE_LOOP_ANALYSIS = YES;
				CLANG_WARN_STRICT_PROTOTYPES = YES;
				CLANG_WARN_SUSPICIOUS_MOVE = YES;
				CLANG_WARN_UNGUARDED_AVAILABILITY = YES_AGGRESSIVE;
				CLANG_WARN_UNREACHABLE_CODE = YES;
				CLANG_WARN__DUPLICATE_METHOD_MATCH = YES;
				COPY_PHASE_STRIP = NO;
				DEBUG_INFORMATION_FORMAT = "dwarf-with-dsym";
				ENABLE_NS_ASSERTIONS = NO;
				ENABLE_STRICT_OBJC_MSGSEND = YES;
				ENABLE_USER_SCRIPT_SANDBOXING = YES;
				GCC_C_LANGUAGE_STANDARD = gnu17;
				GCC_NO_COMMON_BLOCKS = YES;
				GCC_WARN_64_TO_32_BIT_CONVERSION = YES;
				GCC_WARN_ABOUT_RETURN_TYPE = YES_ERROR;
				GCC_WARN_UNDECLARED_SELECTOR = YES;
				GCC_WARN_UNINITIALIZED_AUTOS = YES_AGGRESSIVE;
				GCC_WARN_UNUSED_FUNCTION = YES;
				GCC_WARN_UNUSED_VARIABLE = YES;
				LOCALIZATION_PREFERS_STRING_CATALOGS = YES;
				MACOSX_DEPLOYMENT_TARGET = 15.4;
				MTL_ENABLE_DEBUG_INFO = NO;
				MTL_FAST_MATH = YES;
				SDKROOT = macosx;
				SWIFT_COMPILATION_MODE = wholemodule;
			};
			name = Release;
		};
		956C6FFD2DC34E1700B3C68B /* Debug */ = {
			isa = XCBuildConfiguration;
			buildSettings = {
				ASSETCATALOG_COMPILER_APPICON_NAME = AppIcon;
				ASSETCATALOG_COMPILER_GLOBAL_ACCENT_COLOR_NAME = AccentColor;
				CODE_SIGN_ENTITLEMENTS = Breakpoint/Breakpoint.entitlements;
				CODE_SIGN_STYLE = Automatic;
				COMBINE_HIDPI_IMAGES = YES;
				CURRENT_PROJECT_VERSION = 1;
				ENABLE_PREVIEWS = YES;
				GENERATE_INFOPLIST_FILE = YES;
				INFOPLIST_KEY_NSHumanReadableCopyright = "";
				LD_RUNPATH_SEARCH_PATHS = (
					"$(inherited)",
					"@executable_path/../Frameworks",
				);
				MARKETING_VERSION = 1.0;
				PRODUCT_BUNDLE_IDENTIFIER = com.gmail.pjmdopheide.Breakpoint;
				PRODUCT_NAME = "$(TARGET_NAME)";
				REGISTER_APP_GROUPS = YES;
				SWIFT_EMIT_LOC_STRINGS = YES;
				SWIFT_VERSION = 5.0;
			};
			name = Debug;
		};
		956C6FFE2DC34E1700B3C68B /* Release */ = {
			isa = XCBuildConfiguration;
			buildSettings = {
				ASSETCATALOG_COMPILER_APPICON_NAME = AppIcon;
				ASSETCATALOG_COMPILER_GLOBAL_ACCENT_COLOR_NAME = AccentColor;
				CODE_SIGN_ENTITLEMENTS = Breakpoint/Breakpoint.entitlements;
				CODE_SIGN_STYLE = Automatic;
				COMBINE_HIDPI_IMAGES = YES;
				CURRENT_PROJECT_VERSION = 1;
				ENABLE_PREVIEWS = YES;
				GENERATE_INFOPLIST_FILE = YES;
				INFOPLIST_KEY_NSHumanReadableCopyright = "";
				LD_RUNPATH_SEARCH_PATHS = (
					"$(inherited)",
					"@executable_path/../Frameworks",
				);
				MARKETING_VERSION = 1.0;
				PRODUCT_BUNDLE_IDENTIFIER = com.gmail.pjmdopheide.Breakpoint;
				PRODUCT_NAME = "$(TARGET_NAME)";
				REGISTER_APP_GROUPS = YES;
				SWIFT_EMIT_LOC_STRINGS = YES;
				SWIFT_VERSION = 5.0;
			};
			name = Release;
		};
		956C70002DC34E1700B3C68B /* Debug */ = {
			isa = XCBuildConfiguration;
			buildSettings = {
				BUNDLE_LOADER = "$(TEST_HOST)";
				CODE_SIGN_STYLE = Automatic;
				CURRENT_PROJECT_VERSION = 1;
				GENERATE_INFOPLIST_FILE = YES;
				MACOSX_DEPLOYMENT_TARGET = 15.4;
				MARKETING_VERSION = 1.0;
				PRODUCT_BUNDLE_IDENTIFIER = com.gmail.pjmdopheide.BreakpointTests;
				PRODUCT_NAME = "$(TARGET_NAME)";
				SWIFT_EMIT_LOC_STRINGS = NO;
				SWIFT_VERSION = 5.0;
				TEST_HOST = "$(BUILT_PRODUCTS_DIR)/Breakpoint.app/$(BUNDLE_EXECUTABLE_FOLDER_PATH)/Breakpoint";
			};
			name = Debug;
		};
		956C70012DC34E1700B3C68B /* Release */ = {
			isa = XCBuildConfiguration;
			buildSettings = {
				BUNDLE_LOADER = "$(TEST_HOST)";
				CODE_SIGN_STYLE = Automatic;
				CURRENT_PROJECT_VERSION = 1;
				GENERATE_INFOPLIST_FILE = YES;
				MACOSX_DEPLOYMENT_TARGET = 15.4;
				MARKETING_VERSION = 1.0;
				PRODUCT_BUNDLE_IDENTIFIER = com.gmail.pjmdopheide.BreakpointTests;
				PRODUCT_NAME = "$(TARGET_NAME)";
				SWIFT_EMIT_LOC_STRINGS = NO;
				SWIFT_VERSION = 5.0;
				TEST_HOST = "$(BUILT_PRODUCTS_DIR)/Breakpoint.app/$(BUNDLE_EXECUTABLE_FOLDER_PATH)/Breakpoint";
			};
			name = Release;
		};
		956C70032DC34E1700B3C68B /* Debug */ = {
			isa = XCBuildConfiguration;
			buildSettings = {
				CODE_SIGN_STYLE = Automatic;
				CURRENT_PROJECT_VERSION = 1;
				GENERATE_INFOPLIST_FILE = YES;
				MARKETING_VERSION = 1.0;
				PRODUCT_BUNDLE_IDENTIFIER = com.gmail.pjmdopheide.BreakpointUITests;
				PRODUCT_NAME = "$(TARGET_NAME)";
				SWIFT_EMIT_LOC_STRINGS = NO;
				SWIFT_VERSION = 5.0;
				TEST_TARGET_NAME = Breakpoint;
			};
			name = Debug;
		};
		956C70042DC34E1700B3C68B /* Release */ = {
			isa = XCBuildConfiguration;
			buildSettings = {
				CODE_SIGN_STYLE = Automatic;
				CURRENT_PROJECT_VERSION = 1;
				GENERATE_INFOPLIST_FILE = YES;
				MARKETING_VERSION = 1.0;
				PRODUCT_BUNDLE_IDENTIFIER = com.gmail.pjmdopheide.BreakpointUITests;
				PRODUCT_NAME = "$(TARGET_NAME)";
				SWIFT_EMIT_LOC_STRINGS = NO;
				SWIFT_VERSION = 5.0;
				TEST_TARGET_NAME = Breakpoint;
			};
			name = Release;
		};
/* End XCBuildConfiguration section */

/* Begin XCConfigurationList section */
		956C6FD52DC34E1600B3C68B /* Build configuration list for PBXProject "Breakpoint" */ = {
			isa = XCConfigurationList;
			buildConfigurations = (
				956C6FFA2DC34E1700B3C68B /* Debug */,
				956C6FFB2DC34E1700B3C68B /* Release */,
			);
			defaultConfigurationIsVisible = 0;
			defaultConfigurationName = Release;
		};
		956C6FFC2DC34E1700B3C68B /* Build configuration list for PBXNativeTarget "Breakpoint" */ = {
			isa = XCConfigurationList;
			buildConfigurations = (
				956C6FFD2DC34E1700B3C68B /* Debug */,
				956C6FFE2DC34E1700B3C68B /* Release */,
			);
			defaultConfigurationIsVisible = 0;
			defaultConfigurationName = Release;
		};
		956C6FFF2DC34E1700B3C68B /* Build configuration list for PBXNativeTarget "BreakpointTests" */ = {
			isa = XCConfigurationList;
			buildConfigurations = (
				956C70002DC34E1700B3C68B /* Debug */,
				956C70012DC34E1700B3C68B /* Release */,
			);
			defaultConfigurationIsVisible = 0;
			defaultConfigurationName = Release;
		};
		956C70022DC34E1700B3C68B /* Build configuration list for PBXNativeTarget "BreakpointUITests" */ = {
			isa = XCConfigurationList;
			buildConfigurations = (
				956C70032DC34E1700B3C68B /* Debug */,
				956C70042DC34E1700B3C68B /* Release */,
			);
			defaultConfigurationIsVisible = 0;
			defaultConfigurationName = Release;
		};
/* End XCConfigurationList section */
	};
	rootObject = 956C6FD22DC34E1600B3C68B /* Project object */;
}
